// !$*UTF8*$!
{
	archiveVersion = 1;
	classes = {
	};
	objectVersion = 50;
	objects = {

/* Begin PBXBuildFile section */
		30677F852447BE7C001691FA /* font.c in Sources */ = {isa = PBXBuildFile; fileRef = 30677F842447BE7C001691FA /* font.c */; };
		308B8A3F2465F56B0064EDC0 /* info.c in Sources */ = {isa = PBXBuildFile; fileRef = 308B8A3E2465F56B0064EDC0 /* info.c */; };
		308B8A41246704D70064EDC0 /* screen.c in Sources */ = {isa = PBXBuildFile; fileRef = 308B8A40246704D70064EDC0 /* screen.c */; };
		30B66E6D2434D88F009E264F /* SDL2.framework in Frameworks */ = {isa = PBXBuildFile; fileRef = 30D0F6CC24329DC4006C507E /* SDL2.framework */; };
		30B66E7324353184009E264F /* map.c in Sources */ = {isa = PBXBuildFile; fileRef = 30B66E7224353184009E264F /* map.c */; };
		30B66E7624353200009E264F /* obj.c in Sources */ = {isa = PBXBuildFile; fileRef = 30B66E7524353200009E264F /* obj.c */; };
		30B66E7924353253009E264F /* glyph.c in Sources */ = {isa = PBXBuildFile; fileRef = 30B66E7824353253009E264F /* glyph.c */; };
		30B66E832436C08C009E264F /* editor.c in Sources */ = {isa = PBXBuildFile; fileRef = 30B66E822436C08C009E264F /* editor.c */; };
		30B66E872436C1AB009E264F /* argv.c in Sources */ = {isa = PBXBuildFile; fileRef = 30B66E852436C1AB009E264F /* argv.c */; };
		30B66E8A2437FAF5009E264F /* player.c in Sources */ = {isa = PBXBuildFile; fileRef = 30B66E892437FAF5009E264F /* player.c */; };
		30CF276C244DFD82004DF52F /* action.c in Sources */ = {isa = PBXBuildFile; fileRef = 30CF276B244DFD82004DF52F /* action.c */; };
		30D0F6C224324038006C507E /* main.c in Sources */ = {isa = PBXBuildFile; fileRef = 30D0F6C124324038006C507E /* main.c */; };
		30D0F6CA24329CEA006C507E /* video.c in Sources */ = {isa = PBXBuildFile; fileRef = 30D0F6C924329CEA006C507E /* video.c */; };
		30D0F6D224329EEE006C507E /* azki.c in Sources */ = {isa = PBXBuildFile; fileRef = 30D0F6D124329EEE006C507E /* azki.c */; };
/* End PBXBuildFile section */

/* Begin PBXCopyFilesBuildPhase section */
		30D0F6BC24324038006C507E /* CopyFiles */ = {
			isa = PBXCopyFilesBuildPhase;
			buildActionMask = 2147483647;
			dstPath = /usr/share/man/man1/;
			dstSubfolderSpec = 0;
			files = (
			);
			runOnlyForDeploymentPostprocessing = 1;
		};
/* End PBXCopyFilesBuildPhase section */

/* Begin PBXFileReference section */
		30677F842447BE7C001691FA /* font.c */ = {isa = PBXFileReference; fileEncoding = 4; lastKnownFileType = sourcecode.c.c; path = font.c; sourceTree = "<group>"; };
		308B8A3E2465F56B0064EDC0 /* info.c */ = {isa = PBXFileReference; lastKnownFileType = sourcecode.c.c; path = info.c; sourceTree = "<group>"; };
		308B8A40246704D70064EDC0 /* screen.c */ = {isa = PBXFileReference; lastKnownFileType = sourcecode.c.c; path = screen.c; sourceTree = "<group>"; };
		30B66E702434DCC9009E264F /* Azki.entitlements */ = {isa = PBXFileReference; lastKnownFileType = text.plist.entitlements; path = Azki.entitlements; sourceTree = "<group>"; };
		30B66E7124353184009E264F /* map.h */ = {isa = PBXFileReference; lastKnownFileType = sourcecode.c.h; path = map.h; sourceTree = "<group>"; };
		30B66E7224353184009E264F /* map.c */ = {isa = PBXFileReference; lastKnownFileType = sourcecode.c.c; path = map.c; sourceTree = "<group>"; };
		30B66E7424353200009E264F /* obj.h */ = {isa = PBXFileReference; lastKnownFileType = sourcecode.c.h; path = obj.h; sourceTree = "<group>"; };
		30B66E7524353200009E264F /* obj.c */ = {isa = PBXFileReference; lastKnownFileType = sourcecode.c.c; path = obj.c; sourceTree = "<group>"; };
		30B66E7724353253009E264F /* glyph.h */ = {isa = PBXFileReference; lastKnownFileType = sourcecode.c.h; path = glyph.h; sourceTree = "<group>"; };
		30B66E7824353253009E264F /* glyph.c */ = {isa = PBXFileReference; lastKnownFileType = sourcecode.c.c; path = glyph.c; sourceTree = "<group>"; };
		30B66E812436C08C009E264F /* editor.h */ = {isa = PBXFileReference; lastKnownFileType = sourcecode.c.h; path = editor.h; sourceTree = "<group>"; };
		30B66E822436C08C009E264F /* editor.c */ = {isa = PBXFileReference; lastKnownFileType = sourcecode.c.c; path = editor.c; sourceTree = "<group>"; };
		30B66E852436C1AB009E264F /* argv.c */ = {isa = PBXFileReference; fileEncoding = 4; lastKnownFileType = sourcecode.c.c; path = argv.c; sourceTree = "<group>"; };
		30B66E862436C1AB009E264F /* argv.h */ = {isa = PBXFileReference; fileEncoding = 4; lastKnownFileType = sourcecode.c.h; path = argv.h; sourceTree = "<group>"; };
		30B66E882437FAF5009E264F /* player.h */ = {isa = PBXFileReference; lastKnownFileType = sourcecode.c.h; path = player.h; sourceTree = "<group>"; };
		30B66E892437FAF5009E264F /* player.c */ = {isa = PBXFileReference; lastKnownFileType = sourcecode.c.c; path = player.c; sourceTree = "<group>"; };
		30CF276B244DFD82004DF52F /* action.c */ = {isa = PBXFileReference; lastKnownFileType = sourcecode.c.c; path = action.c; sourceTree = "<group>"; };
		30D0F6BE24324038006C507E /* Azki */ = {isa = PBXFileReference; explicitFileType = "compiled.mach-o.executable"; includeInIndex = 0; path = Azki; sourceTree = BUILT_PRODUCTS_DIR; };
		30D0F6C124324038006C507E /* main.c */ = {isa = PBXFileReference; lastKnownFileType = sourcecode.c.c; path = main.c; sourceTree = "<group>"; };
		30D0F6C824329CEA006C507E /* video.h */ = {isa = PBXFileReference; lastKnownFileType = sourcecode.c.h; path = video.h; sourceTree = "<group>"; };
		30D0F6C924329CEA006C507E /* video.c */ = {isa = PBXFileReference; lastKnownFileType = sourcecode.c.c; path = video.c; sourceTree = "<group>"; };
		30D0F6CC24329DC4006C507E /* SDL2.framework */ = {isa = PBXFileReference; lastKnownFileType = wrapper.framework; name = SDL2.framework; path = ../../../../../Library/Frameworks/SDL2.framework; sourceTree = "<group>"; };
		30D0F6D024329EEE006C507E /* azki.h */ = {isa = PBXFileReference; lastKnownFileType = sourcecode.c.h; path = azki.h; sourceTree = "<group>"; };
		30D0F6D124329EEE006C507E /* azki.c */ = {isa = PBXFileReference; lastKnownFileType = sourcecode.c.c; path = azki.c; sourceTree = "<group>"; };
/* End PBXFileReference section */

/* Begin PBXFrameworksBuildPhase section */
		30D0F6BB24324038006C507E /* Frameworks */ = {
			isa = PBXFrameworksBuildPhase;
			buildActionMask = 2147483647;
			files = (
				30B66E6D2434D88F009E264F /* SDL2.framework in Frameworks */,
			);
			runOnlyForDeploymentPostprocessing = 0;
		};
/* End PBXFrameworksBuildPhase section */

/* Begin PBXGroup section */
		30B66E842436C17B009E264F /* maps */ = {
			isa = PBXGroup;
			children = (
			);
			path = maps;
			sourceTree = "<group>";
		};
		30D0F6B524324037006C507E = {
			isa = PBXGroup;
			children = (
				30D0F6C024324038006C507E /* Azki */,
				30D0F6BF24324038006C507E /* Products */,
				30D0F6CB24329DC3006C507E /* Frameworks */,
			);
			sourceTree = "<group>";
		};
		30D0F6BF24324038006C507E /* Products */ = {
			isa = PBXGroup;
			children = (
				30D0F6BE24324038006C507E /* Azki */,
			);
			name = Products;
			sourceTree = "<group>";
		};
		30D0F6C024324038006C507E /* Azki */ = {
			isa = PBXGroup;
			children = (
				30B66E842436C17B009E264F /* maps */,
				30B66E702434DCC9009E264F /* Azki.entitlements */,
				30D0F6C124324038006C507E /* main.c */,
				30D0F6C824329CEA006C507E /* video.h */,
				30D0F6C924329CEA006C507E /* video.c */,
				30D0F6D024329EEE006C507E /* azki.h */,
				30D0F6D124329EEE006C507E /* azki.c */,
				30B66E7124353184009E264F /* map.h */,
				30B66E7224353184009E264F /* map.c */,
				30B66E7424353200009E264F /* obj.h */,
				30B66E7524353200009E264F /* obj.c */,
				30B66E7724353253009E264F /* glyph.h */,
				30B66E7824353253009E264F /* glyph.c */,
				30B66E812436C08C009E264F /* editor.h */,
				30B66E822436C08C009E264F /* editor.c */,
				30B66E862436C1AB009E264F /* argv.h */,
				30B66E852436C1AB009E264F /* argv.c */,
				30B66E882437FAF5009E264F /* player.h */,
				30B66E892437FAF5009E264F /* player.c */,
				30677F842447BE7C001691FA /* font.c */,
				30CF276B244DFD82004DF52F /* action.c */,
				308B8A3E2465F56B0064EDC0 /* info.c */,
				308B8A40246704D70064EDC0 /* screen.c */,
			);
			path = Azki;
			sourceTree = "<group>";
		};
		30D0F6CB24329DC3006C507E /* Frameworks */ = {
			isa = PBXGroup;
			children = (
				30D0F6CC24329DC4006C507E /* SDL2.framework */,
			);
			name = Frameworks;
			sourceTree = "<group>";
		};
/* End PBXGroup section */

/* Begin PBXNativeTarget section */
		30D0F6BD24324038006C507E /* Azki */ = {
			isa = PBXNativeTarget;
			buildConfigurationList = 30D0F6C524324038006C507E /* Build configuration list for PBXNativeTarget "Azki" */;
			buildPhases = (
				30D0F6BA24324038006C507E /* Sources */,
				30D0F6BB24324038006C507E /* Frameworks */,
				30D0F6BC24324038006C507E /* CopyFiles */,
			);
			buildRules = (
			);
			dependencies = (
			);
			name = Azki;
			productName = Azki;
			productReference = 30D0F6BE24324038006C507E /* Azki */;
			productType = "com.apple.product-type.tool";
		};
/* End PBXNativeTarget section */

/* Begin PBXProject section */
		30D0F6B624324037006C507E /* Project object */ = {
			isa = PBXProject;
			attributes = {
				LastUpgradeCheck = 1140;
				ORGANIZATIONNAME = "Thomas Foster";
				TargetAttributes = {
					30D0F6BD24324038006C507E = {
						CreatedOnToolsVersion = 11.3.1;
					};
				};
			};
			buildConfigurationList = 30D0F6B924324038006C507E /* Build configuration list for PBXProject "Azki" */;
			compatibilityVersion = "Xcode 9.3";
			developmentRegion = en;
			hasScannedForEncodings = 0;
			knownRegions = (
				en,
				Base,
			);
			mainGroup = 30D0F6B524324037006C507E;
			productRefGroup = 30D0F6BF24324038006C507E /* Products */;
			projectDirPath = "";
			projectRoot = "";
			targets = (
				30D0F6BD24324038006C507E /* Azki */,
			);
		};
/* End PBXProject section */

/* Begin PBXSourcesBuildPhase section */
		30D0F6BA24324038006C507E /* Sources */ = {
			isa = PBXSourcesBuildPhase;
			buildActionMask = 2147483647;
			files = (
				30677F852447BE7C001691FA /* font.c in Sources */,
				30B66E832436C08C009E264F /* editor.c in Sources */,
				30B66E7924353253009E264F /* glyph.c in Sources */,
				30B66E872436C1AB009E264F /* argv.c in Sources */,
				30B66E7624353200009E264F /* obj.c in Sources */,
				30B66E7324353184009E264F /* map.c in Sources */,
				30D0F6C224324038006C507E /* main.c in Sources */,
				30D0F6CA24329CEA006C507E /* video.c in Sources */,
				30B66E8A2437FAF5009E264F /* player.c in Sources */,
				308B8A41246704D70064EDC0 /* screen.c in Sources */,
				30CF276C244DFD82004DF52F /* action.c in Sources */,
				30D0F6D224329EEE006C507E /* azki.c in Sources */,
				308B8A3F2465F56B0064EDC0 /* info.c in Sources */,
			);
			runOnlyForDeploymentPostprocessing = 0;
		};
/* End PBXSourcesBuildPhase section */

/* Begin XCBuildConfiguration section */
		30D0F6C324324038006C507E /* Debug */ = {
			isa = XCBuildConfiguration;
			buildSettings = {
				ALWAYS_SEARCH_USER_PATHS = NO;
				CLANG_ANALYZER_NONNULL = YES;
				CLANG_ANALYZER_NUMBER_OBJECT_CONVERSION = YES_AGGRESSIVE;
				CLANG_CXX_LANGUAGE_STANDARD = "gnu++14";
				CLANG_CXX_LIBRARY = "libc++";
				CLANG_ENABLE_MODULES = YES;
				CLANG_ENABLE_OBJC_ARC = YES;
				CLANG_ENABLE_OBJC_WEAK = YES;
				CLANG_WARN_BLOCK_CAPTURE_AUTORELEASING = YES;
				CLANG_WARN_BOOL_CONVERSION = YES;
				CLANG_WARN_COMMA = YES;
				CLANG_WARN_CONSTANT_CONVERSION = YES;
				CLANG_WARN_DEPRECATED_OBJC_IMPLEMENTATIONS = YES;
				CLANG_WARN_DIRECT_OBJC_ISA_USAGE = YES_ERROR;
				CLANG_WARN_DOCUMENTATION_COMMENTS = YES;
				CLANG_WARN_EMPTY_BODY = YES;
				CLANG_WARN_ENUM_CONVERSION = YES;
				CLANG_WARN_INFINITE_RECURSION = YES;
				CLANG_WARN_INT_CONVERSION = YES;
				CLANG_WARN_NON_LITERAL_NULL_CONVERSION = YES;
				CLANG_WARN_OBJC_IMPLICIT_RETAIN_SELF = YES;
				CLANG_WARN_OBJC_LITERAL_CONVERSION = YES;
				CLANG_WARN_OBJC_ROOT_CLASS = YES_ERROR;
				CLANG_WARN_RANGE_LOOP_ANALYSIS = YES;
				CLANG_WARN_STRICT_PROTOTYPES = YES;
				CLANG_WARN_SUSPICIOUS_MOVE = YES;
				CLANG_WARN_UNGUARDED_AVAILABILITY = YES_AGGRESSIVE;
				CLANG_WARN_UNREACHABLE_CODE = YES;
				CLANG_WARN__DUPLICATE_METHOD_MATCH = YES;
				COPY_PHASE_STRIP = NO;
				DEBUG_INFORMATION_FORMAT = dwarf;
				ENABLE_STRICT_OBJC_MSGSEND = YES;
				ENABLE_TESTABILITY = YES;
				GCC_C_LANGUAGE_STANDARD = ansi;
				GCC_DYNAMIC_NO_PIC = NO;
				GCC_NO_COMMON_BLOCKS = YES;
				GCC_OPTIMIZATION_LEVEL = 0;
				GCC_PREPROCESSOR_DEFINITIONS = (
					"DEBUG=1",
					"$(inherited)",
				);
				GCC_WARN_64_TO_32_BIT_CONVERSION = YES;
				GCC_WARN_ABOUT_RETURN_TYPE = YES_ERROR;
				GCC_WARN_UNDECLARED_SELECTOR = YES;
				GCC_WARN_UNINITIALIZED_AUTOS = YES_AGGRESSIVE;
				GCC_WARN_UNUSED_FUNCTION = YES;
				GCC_WARN_UNUSED_VARIABLE = YES;
				MACOSX_DEPLOYMENT_TARGET = 10.15;
				MTL_ENABLE_DEBUG_INFO = INCLUDE_SOURCE;
				MTL_FAST_MATH = YES;
				ONLY_ACTIVE_ARCH = YES;
				SDKROOT = macosx;
			};
			name = Debug;
		};
		30D0F6C424324038006C507E /* Release */ = {
			isa = XCBuildConfiguration;
			buildSettings = {
				ALWAYS_SEARCH_USER_PATHS = NO;
				CLANG_ANALYZER_NONNULL = YES;
				CLANG_ANALYZER_NUMBER_OBJECT_CONVERSION = YES_AGGRESSIVE;
				CLANG_CXX_LANGUAGE_STANDARD = "gnu++14";
				CLANG_CXX_LIBRARY = "libc++";
				CLANG_ENABLE_MODULES = YES;
				CLANG_ENABLE_OBJC_ARC = YES;
				CLANG_ENABLE_OBJC_WEAK = YES;
				CLANG_WARN_BLOCK_CAPTURE_AUTORELEASING = YES;
				CLANG_WARN_BOOL_CONVERSION = YES;
				CLANG_WARN_COMMA = YES;
				CLANG_WARN_CONSTANT_CONVERSION = YES;
				CLANG_WARN_DEPRECATED_OBJC_IMPLEMENTATIONS = YES;
				CLANG_WARN_DIRECT_OBJC_ISA_USAGE = YES_ERROR;
				CLANG_WARN_DOCUMENTATION_COMMENTS = YES;
				CLANG_WARN_EMPTY_BODY = YES;
				CLANG_WARN_ENUM_CONVERSION = YES;
				CLANG_WARN_INFINITE_RECURSION = YES;
				CLANG_WARN_INT_CONVERSION = YES;
				CLANG_WARN_NON_LITERAL_NULL_CONVERSION = YES;
				CLANG_WARN_OBJC_IMPLICIT_RETAIN_SELF = YES;
				CLANG_WARN_OBJC_LITERAL_CONVERSION = YES;
				CLANG_WARN_OBJC_ROOT_CLASS = YES_ERROR;
				CLANG_WARN_RANGE_LOOP_ANALYSIS = YES;
				CLANG_WARN_STRICT_PROTOTYPES = YES;
				CLANG_WARN_SUSPICIOUS_MOVE = YES;
				CLANG_WARN_UNGUARDED_AVAILABILITY = YES_AGGRESSIVE;
				CLANG_WARN_UNREACHABLE_CODE = YES;
				CLANG_WARN__DUPLICATE_METHOD_MATCH = YES;
				COPY_PHASE_STRIP = NO;
				DEBUG_INFORMATION_FORMAT = "dwarf-with-dsym";
				ENABLE_NS_ASSERTIONS = NO;
				ENABLE_STRICT_OBJC_MSGSEND = YES;
				GCC_C_LANGUAGE_STANDARD = ansi;
				GCC_NO_COMMON_BLOCKS = YES;
				GCC_WARN_64_TO_32_BIT_CONVERSION = YES;
				GCC_WARN_ABOUT_RETURN_TYPE = YES_ERROR;
				GCC_WARN_UNDECLARED_SELECTOR = YES;
				GCC_WARN_UNINITIALIZED_AUTOS = YES_AGGRESSIVE;
				GCC_WARN_UNUSED_FUNCTION = YES;
				GCC_WARN_UNUSED_VARIABLE = YES;
				MACOSX_DEPLOYMENT_TARGET = 10.15;
				MTL_ENABLE_DEBUG_INFO = NO;
				MTL_FAST_MATH = YES;
				SDKROOT = macosx;
			};
			name = Release;
		};
		30D0F6C624324038006C507E /* Debug */ = {
			isa = XCBuildConfiguration;
			buildSettings = {
				CODE_SIGN_ENTITLEMENTS = Azki/Azki.entitlements;
				CODE_SIGN_IDENTITY = "Apple Development";
				CODE_SIGN_STYLE = Automatic;
				DEVELOPMENT_TEAM = D54ZHB8K4R;
				ENABLE_HARDENED_RUNTIME = NO;
				FRAMEWORK_SEARCH_PATHS = (
					"$(inherited)",
					"$(LOCAL_LIBRARY_DIR)/Frameworks",
				);
				GCC_C_LANGUAGE_STANDARD = ansi;
				PRODUCT_NAME = "$(TARGET_NAME)";
			};
			name = Debug;
		};
		30D0F6C724324038006C507E /* Release */ = {
			isa = XCBuildConfiguration;
			buildSettings = {
				CODE_SIGN_ENTITLEMENTS = Azki/Azki.entitlements;
				CODE_SIGN_IDENTITY = "Apple Development";
				CODE_SIGN_STYLE = Automatic;
				DEVELOPMENT_TEAM = D54ZHB8K4R;
				ENABLE_HARDENED_RUNTIME = NO;
				FRAMEWORK_SEARCH_PATHS = (
					"$(inherited)",
					"$(LOCAL_LIBRARY_DIR)/Frameworks",
				);
				GCC_C_LANGUAGE_STANDARD = ansi;
				PRODUCT_NAME = "$(TARGET_NAME)";
			};
			name = Release;
		};
/* End XCBuildConfiguration section */

/* Begin XCConfigurationList section */
		30D0F6B924324038006C507E /* Build configuration list for PBXProject "Azki" */ = {
			isa = XCConfigurationList;
			buildConfigurations = (
				30D0F6C324324038006C507E /* Debug */,
				30D0F6C424324038006C507E /* Release */,
			);
			defaultConfigurationIsVisible = 0;
			defaultConfigurationName = Release;
		};
		30D0F6C524324038006C507E /* Build configuration list for PBXNativeTarget "Azki" */ = {
			isa = XCConfigurationList;
			buildConfigurations = (
				30D0F6C624324038006C507E /* Debug */,
				30D0F6C724324038006C507E /* Release */,
			);
			defaultConfigurationIsVisible = 0;
			defaultConfigurationName = Release;
		};
/* End XCConfigurationList section */
	};
	rootObject = 30D0F6B624324037006C507E /* Project object */;
}
